// !$*UTF8*$!
{
	archiveVersion = 1;
	classes = {
	};
	objectVersion = 77;
	objects = {

/* Begin PBXBuildFile section */
		0010A556C4B4981A859F1B6C /* appicon-com.devkoan.firetracker.png in Resources */ = {isa = PBXBuildFile; fileRef = 35EE495007B15E701CB306C5 /* appicon-com.devkoan.firetracker.png */; };
		0052A11285D09091C73477A7 /* appicon-com.devkoan.externalize.png in Resources */ = {isa = PBXBuildFile; fileRef = F5C0858E49D79F94A4FB244F /* appicon-com.devkoan.externalize.png */; };
		00A09F28AC667B10CA7491F9 /* VersionHistory.swift in Sources */ = {isa = PBXBuildFile; fileRef = 2A3F696A06C266F6D893605E /* VersionHistory.swift */; };
		03CE20C64E465D3E76579A96 /* appicon-com.leeo.stickypresenter.remote.png in Resources */ = {isa = PBXBuildFile; fileRef = 180A335167BC12B841D40E24 /* appicon-com.leeo.stickypresenter.remote.png */; };
		073E3A32CA7A8316C2A85FD7 /* PickChangeCoordinator.swift in Sources */ = {isa = PBXBuildFile; fileRef = BFC742F77A0846264F10E9FD /* PickChangeCoordinator.swift */; };
		079491819F893546B86221BC /* AppSettings.swift in Sources */ = {isa = PBXBuildFile; fileRef = 7361DA61A45FE63BDA8F084F /* AppSettings.swift */; };
		0826EFB6D26B158893662E2B /* SettingsView.swift in Sources */ = {isa = PBXBuildFile; fileRef = B9BA602A0B5D0E2759F1E399 /* SettingsView.swift */; };
		085DC232C4B9DFCD1E097F61 /* QARotationWidget.appex in Embed Foundation Extensions */ = {isa = PBXBuildFile; fileRef = E69D9C341BE673DABBFC9EE1 /* QARotationWidget.appex */; settings = {ATTRIBUTES = (RemoveHeadersOnCopy, ); }; };
		0891538ABE494B15B76E79E2 /* appicon-com.devkoan.indonesiansmalltalk.png in Resources */ = {isa = PBXBuildFile; fileRef = CFBDDB918230DB876293CF94 /* appicon-com.devkoan.indonesiansmalltalk.png */; };
		09A8848DCC7CAB5FB181D97D /* QARotationApp.swift in Sources */ = {isa = PBXBuildFile; fileRef = 3A5C63205168CBD7C65D0457 /* QARotationApp.swift */; };
		09F5F86E03D1735CC31E08B1 /* SessionViewModel.swift in Sources */ = {isa = PBXBuildFile; fileRef = 6E3D6C634A5B5AA6BD5F0DA7 /* SessionViewModel.swift */; };
		09FA90C0B592FA1507E8BE14 /* appicon-com.family.familybank.png in Resources */ = {isa = PBXBuildFile; fileRef = FBED544EC467850F56727F68 /* appicon-com.family.familybank.png */; };
		0BC26D1D62453AC667511A6F /* Persistence.swift in Sources */ = {isa = PBXBuildFile; fileRef = 8D261538F46586DBAA9DEA6A /* Persistence.swift */; };
		0D5DC68C6B8E38C650B73504 /* ITunesLookupClient.swift in Sources */ = {isa = PBXBuildFile; fileRef = EE08DB977009800412878CCE /* ITunesLookupClient.swift */; };
		10D3C869C5616CA6B1834D68 /* appicon-com.leeo.slidesnap.png in Resources */ = {isa = PBXBuildFile; fileRef = DBE654F60C159BAFBF36E98D /* appicon-com.leeo.slidesnap.png */; };
		14F799567881EB0D1C965F5D /* appicon-com.leeo.jujob.png in Resources */ = {isa = PBXBuildFile; fileRef = A0055E3A94769E4C72F8FB88 /* appicon-com.leeo.jujob.png */; };
		15F53885B0B55625B2246285 /* appicon-com.kora.leeo.png in Resources */ = {isa = PBXBuildFile; fileRef = 22A8A955910A0C9C5E3BF315 /* appicon-com.kora.leeo.png */; };
		16C3B74784D5B91F1229F94C /* SessionDraftStore.swift in Sources */ = {isa = PBXBuildFile; fileRef = 0340B485D686C126CCB88303 /* SessionDraftStore.swift */; };
		173F1F819BE272A7C8FC0A18 /* ChecklistRow.swift in Sources */ = {isa = PBXBuildFile; fileRef = 97D8772F5F434D9FBE0CE0D3 /* ChecklistRow.swift */; };
		1A0833D24111667E75DB8191 /* appicon-com.leeo.handsfreemetronome.png in Resources */ = {isa = PBXBuildFile; fileRef = 3B48270A9EB6BF3011DDFD28 /* appicon-com.leeo.handsfreemetronome.png */; };
		1B89648616EB529440A98A22 /* appicon-com.leeo.juniordevmistakes.png in Resources */ = {isa = PBXBuildFile; fileRef = 57463C77F9175756CBFA1815 /* appicon-com.leeo.juniordevmistakes.png */; };
		2567623B9DFD589252C94EAA /* appicon-com.ysoup.leavewise.png in Resources */ = {isa = PBXBuildFile; fileRef = 471115DD2F38F686F8CD2E1D /* appicon-com.ysoup.leavewise.png */; };
		2812D9A28B6830F4A28F3A41 /* AppIconView.swift in Sources */ = {isa = PBXBuildFile; fileRef = 52CD4E3463D6EBBC1BE4AC34 /* AppIconView.swift */; };
		2CEA4AF9708729C904544CC9 /* appicon-com.leeo.thinkflow.png in Resources */ = {isa = PBXBuildFile; fileRef = 82253294AF4BA0035471C218 /* appicon-com.leeo.thinkflow.png */; };
		2D8E03156C8DB24EBCFB88A3 /* TodayView.swift in Sources */ = {isa = PBXBuildFile; fileRef = A402F362F20D3D346F91D5E8 /* TodayView.swift */; };
		30C39541B2C3122D970CA905 /* TodayPickWidget.swift in Sources */ = {isa = PBXBuildFile; fileRef = 864DAED30760BDC61CC2444A /* TodayPickWidget.swift */; };
		32FDB271502991764C03387A /* ChecklistSeeder.swift in Sources */ = {isa = PBXBuildFile; fileRef = 76E926AEBCFC01E7BCCA1681 /* ChecklistSeeder.swift */; };
		337D3F545D49DEE09EFC1273 /* Assets.xcassets in Resources */ = {isa = PBXBuildFile; fileRef = 7E2ED3DF60DBD4D7AB8F43BB /* Assets.xcassets */; };
		348278FE32E7A96C3CE0E14C /* appicon-com.ysoup.tokenmemo.png in Resources */ = {isa = PBXBuildFile; fileRef = 78E965AA8B8291E8B0843E6A /* appicon-com.ysoup.tokenmemo.png */; };
		3C9C8C83037621743FDBEDF5 /* appicon-com.leeo.conversationpractice.png in Resources */ = {isa = PBXBuildFile; fileRef = C0059FAD2027BDCFBAC416CA /* appicon-com.leeo.conversationpractice.png */; };
		42BB757964A899DED27B32FF /* appicon-com.leeo.footprintdiary.png in Resources */ = {isa = PBXBuildFile; fileRef = 0209704E0DC497BA8DCC7C99 /* appicon-com.leeo.footprintdiary.png */; };
		439DEC2B9B3AA45523C71082 /* SkipStore.swift in Sources */ = {isa = PBXBuildFile; fileRef = 981E2F60D733AF4587EAF8F6 /* SkipStore.swift */; };
		477B09F2C33AFF627630FA44 /* PickResolver.swift in Sources */ = {isa = PBXBuildFile; fileRef = 9A0D3D4CC250AE94A5482990 /* PickResolver.swift */; };
		47D4A4ED9264B52C6510B700 /* ChecklistIndexView.swift in Sources */ = {isa = PBXBuildFile; fileRef = 524D566F201E4DBD141F5C72 /* ChecklistIndexView.swift */; };
		48810576C71A7271135ADD4F /* SessionRecorder.swift in Sources */ = {isa = PBXBuildFile; fileRef = 3E04BE6CDFD4B2795C782CD6 /* SessionRecorder.swift */; };
		4A5800C3FD11356AF7F82552 /* AppSettings.swift in Sources */ = {isa = PBXBuildFile; fileRef = 7361DA61A45FE63BDA8F084F /* AppSettings.swift */; };
		4ADBED12C1AC5C5149C5191F /* OutcomeButtons.swift in Sources */ = {isa = PBXBuildFile; fileRef = D96C3BC6CB9E3A0A23995DC8 /* OutcomeButtons.swift */; };
		4B61DA2DE5703990EC1A9DA1 /* appicon-com.ysoup.routinecamera.png in Resources */ = {isa = PBXBuildFile; fileRef = 74BAB12E242BD2E28E9B83E8 /* appicon-com.ysoup.routinecamera.png */; };
		5049FE4E5FA27B302E05C947 /* appicon-com.burningparchment.app.png in Resources */ = {isa = PBXBuildFile; fileRef = AAE1A780135E3E63A916E505 /* appicon-com.burningparchment.app.png */; };
		50958C89707759652EDFD5FA /* appicon-com.leeo.bookmarkshot.png in Resources */ = {isa = PBXBuildFile; fileRef = 365BC4D7FCBF913FCD734CA6 /* appicon-com.leeo.bookmarkshot.png */; };
		548CF54A65363FA745D57B26 /* appicon-com.leeo.dontgomart.png in Resources */ = {isa = PBXBuildFile; fileRef = E3C56F9A7515D9F2441C5E90 /* appicon-com.leeo.dontgomart.png */; };
		60D821D3BEEEB9EFDD34EF40 /* appicon-com.example.moonlitorder.png in Resources */ = {isa = PBXBuildFile; fileRef = 3D0F1A467896100327FD6503 /* appicon-com.example.moonlitorder.png */; };
		60F6AD809AA08D328B6D1F70 /* appicon-com.ysoup.restaurantmap.png in Resources */ = {isa = PBXBuildFile; fileRef = 8B6B543AF25D82DCDE62A2B9 /* appicon-com.ysoup.restaurantmap.png */; };
		6459887569088071F956F74F /* AppImporter.swift in Sources */ = {isa = PBXBuildFile; fileRef = 727C60964026B039C30F2FD2 /* AppImporter.swift */; };
		683A64605D5E009F42DBD015 /* NotificationScheduler.swift in Sources */ = {isa = PBXBuildFile; fileRef = 9093CAAF63FC814645EA5596 /* NotificationScheduler.swift */; };
		6B31AD1B8713CE51BBCB0C58 /* appicon-com.leeo.lullabyrecipe.png in Resources */ = {isa = PBXBuildFile; fileRef = 54F5FD8F0DD9F02360486FB9 /* appicon-com.leeo.lullabyrecipe.png */; };
		6C483CFB53DBC29740631D14 /* appicon-com.bucketclimb.app.png in Resources */ = {isa = PBXBuildFile; fileRef = 40F6E4D67FC4F444D164E51B /* appicon-com.bucketclimb.app.png */; };
		6F7406F90643E7877ABF027D /* appicon-com.leeo.wifisnap.png in Resources */ = {isa = PBXBuildFile; fileRef = BF51EFB5AFEF1B7D37BE6217 /* appicon-com.leeo.wifisnap.png */; };
		6F86696E8AD305086ACB8B23 /* DefaultStepsByApp.swift in Sources */ = {isa = PBXBuildFile; fileRef = 5CA7752763F59A378DEC7FE5 /* DefaultStepsByApp.swift */; };
		70735AB084AF44A863B1EC49 /* ChecklistEditorView.swift in Sources */ = {isa = PBXBuildFile; fileRef = FB8B236A1231B4DDDAA271F8 /* ChecklistEditorView.swift */; };
		7A31E94AA74E471B99F7D5D4 /* appicon-com.leeo.pixelme.png in Resources */ = {isa = PBXBuildFile; fileRef = 4FADFA86363AC571B0C49185 /* appicon-com.leeo.pixelme.png */; };
		7CEE7C6CD3E7AD985A8A5CA1 /* AppDetailView.swift in Sources */ = {isa = PBXBuildFile; fileRef = A7A1A4954AD5E38768C74007 /* AppDetailView.swift */; };
		7F77246E553FB6E6D246EB37 /* Rotation.swift in Sources */ = {isa = PBXBuildFile; fileRef = 50AC2CB91320D827700483E4 /* Rotation.swift */; };
		845D49460004015F8CDD9598 /* SeedApps.json in Resources */ = {isa = PBXBuildFile; fileRef = C029EF31625015D40449351A /* SeedApps.json */; };
		88391CD12A6395E0325DDA98 /* PickResolver.swift in Sources */ = {isa = PBXBuildFile; fileRef = 9A0D3D4CC250AE94A5482990 /* PickResolver.swift */; };
		8B0F3AE17EA15B50AD680F39 /* Localizable.xcstrings in Resources */ = {isa = PBXBuildFile; fileRef = 42EF56E026EF2DEC29A0AB3B /* Localizable.xcstrings */; };
		8C5943AF879B4AE0EB22054E /* BundledApps.swift in Sources */ = {isa = PBXBuildFile; fileRef = 3D94B795F592D34D8886B8D2 /* BundledApps.swift */; };
		8D40A85CFA12A67EAA4AE6BC /* appicon-com.family.familycourt.png in Resources */ = {isa = PBXBuildFile; fileRef = C171DFB61181C3B365D3633F /* appicon-com.family.familycourt.png */; };
		8DCF1A55DF1CAADD9C8C03A4 /* appicon-com.ysoup.cooltime.png in Resources */ = {isa = PBXBuildFile; fileRef = 30FE63128DAF517252CF2AE4 /* appicon-com.ysoup.cooltime.png */; };
		925EBF7B15DF505EEC5B5042 /* WideButtonLabel.swift in Sources */ = {isa = PBXBuildFile; fileRef = A86241273DEDFF98FB26F2D5 /* WideButtonLabel.swift */; };
		92CC94C6E14068CAFADC5AD8 /* AppEditView.swift in Sources */ = {isa = PBXBuildFile; fileRef = D6041338D4F7EE03C78B7EA9 /* AppEditView.swift */; };
		983608BF36E282B2CEE1E14F /* AppChecklistCatalog.swift in Sources */ = {isa = PBXBuildFile; fileRef = 6338CB747615ECC984E203BD /* AppChecklistCatalog.swift */; };
		9AA764D5A4CC17925875F5B6 /* VersionPicker.swift in Sources */ = {isa = PBXBuildFile; fileRef = C2EA04EDD1569E91BA8B7F9C /* VersionPicker.swift */; };
		9ABED09CFC3731141A533BF5 /* LastQABadge.swift in Sources */ = {isa = PBXBuildFile; fileRef = 0600CE88531C423437054971 /* LastQABadge.swift */; };
		9BE180A5BE534D375D27F767 /* appicon-com.ysoup.tokenmemo-tap.png in Resources */ = {isa = PBXBuildFile; fileRef = 5F49E2AE39EB8EC2A11056F6 /* appicon-com.ysoup.tokenmemo-tap.png */; };
		9C0CF2755A5E43DA648CC291 /* Router.swift in Sources */ = {isa = PBXBuildFile; fileRef = F109683E1E99F8D03EA8DA39 /* Router.swift */; };
		9C5527ACB3B80E27856F81CB /* AppChecklistSeederTests.swift in Sources */ = {isa = PBXBuildFile; fileRef = 4B66510E33702D11DF604CA2 /* AppChecklistSeederTests.swift */; };
		9D4ED03D98DA9FD71994B97E /* ImportController.swift in Sources */ = {isa = PBXBuildFile; fileRef = 38F5B110E69145AA37DB4861 /* ImportController.swift */; };
		9D5DDB83DEAA307E2DAFA899 /* AppDelegate.swift in Sources */ = {isa = PBXBuildFile; fileRef = B34C0B6CD80FCB7C136E891B /* AppDelegate.swift */; };
		A0ED6843F1154697110F02EB /* DeepLink.swift in Sources */ = {isa = PBXBuildFile; fileRef = F3EE61C45A46D0AF482A8CE4 /* DeepLink.swift */; };
		A2EAC922D2A9BD97CB6FF8A9 /* appicon-com.leeo.findme.png in Resources */ = {isa = PBXBuildFile; fileRef = 67CF659E4249DBA75717ED0F /* appicon-com.leeo.findme.png */; };
		A7DB4B3438E805E8812F258B /* DeviceInfo.swift in Sources */ = {isa = PBXBuildFile; fileRef = F0123C57207E61B466A74561 /* DeviceInfo.swift */; };
		A8DE88F8ACF66A72A3F46F1D /* appicon-com.leeo.higgym.png in Resources */ = {isa = PBXBuildFile; fileRef = 5A6D582A01A48A7D436C7EDF /* appicon-com.leeo.higgym.png */; };
		B14116D15B1C9A5433873F7C /* appicon-com.devkoan.staffsinger.png in Resources */ = {isa = PBXBuildFile; fileRef = 92C898300A7DCC93888108E5 /* appicon-com.devkoan.staffsinger.png */; };
		B15A85A75DBAC5D74E8A5E3E /* AppsListView.swift in Sources */ = {isa = PBXBuildFile; fileRef = C6DE6DAA07137A4586B1DA22 /* AppsListView.swift */; };
		B220FEDD4EE58BF04FBEF5C3 /* StepText.swift in Sources */ = {isa = PBXBuildFile; fileRef = 7085D0AA92BA1875CA0D34F9 /* StepText.swift */; };
		B5CF152CC4A2B1B6397543A9 /* SessionDetailView.swift in Sources */ = {isa = PBXBuildFile; fileRef = 8ADB1E8324E48C5944AB03D6 /* SessionDetailView.swift */; };
		B7B93B031389271C1B6E192B /* appicon-com.devkoan.stampcamera.png in Resources */ = {isa = PBXBuildFile; fileRef = AF8A873C4465EDAA1AC05F21 /* appicon-com.devkoan.stampcamera.png */; };
		B9363F35242D40D53F8C6213 /* DeepLink.swift in Sources */ = {isa = PBXBuildFile; fileRef = F3EE61C45A46D0AF482A8CE4 /* DeepLink.swift */; };
		BB4BD37C2EE117319AD1F410 /* appicon-com.devkoan.scheduledensityapp.png in Resources */ = {isa = PBXBuildFile; fileRef = A90D85B67F66289F72B765A3 /* appicon-com.devkoan.scheduledensityapp.png */; };
		BF0AA9DBCE45BC92B0206D7A /* appicon-com.leeo.sunflower.png in Resources */ = {isa = PBXBuildFile; fileRef = 7E415606380C7726E97F87D1 /* appicon-com.leeo.sunflower.png */; };
		C1935DBF2F7B543DDD309699 /* RotationTests.swift in Sources */ = {isa = PBXBuildFile; fileRef = 273AF1D1B76AB1F326D6631C /* RotationTests.swift */; };
		C210574A039F60EA04B3D751 /* FocusedChecklistView.swift in Sources */ = {isa = PBXBuildFile; fileRef = DE1E15329AFC5AEB395EB871 /* FocusedChecklistView.swift */; };
		C2DC50E60A72AC3F3CB07BE5 /* SessionHeaderView.swift in Sources */ = {isa = PBXBuildFile; fileRef = 7E76B165260F1452A817D7F3 /* SessionHeaderView.swift */; };
		C40E688ED00CB53B95568229 /* Rotation.swift in Sources */ = {isa = PBXBuildFile; fileRef = 50AC2CB91320D827700483E4 /* Rotation.swift */; };
		C4506F4D0CA60CE8EFAD2899 /* IssueDetailView.swift in Sources */ = {isa = PBXBuildFile; fileRef = 75AC1D86E27A458418B83170 /* IssueDetailView.swift */; };
		C52A1ABBF2007AD0A87B0724 /* appicon-com.leeo.skydex.png in Resources */ = {isa = PBXBuildFile; fileRef = 78E22A4BE04AD4FCCF3813BD /* appicon-com.leeo.skydex.png */; };
		C5BB28924F0555652B81C306 /* Enums.swift in Sources */ = {isa = PBXBuildFile; fileRef = 8CCBDBA21696D1AF6B6DE48C /* Enums.swift */; };
		C75AD7CC901CAE13139403B0 /* appicon-com.leeo.rotoscopeipad.png in Resources */ = {isa = PBXBuildFile; fileRef = 8430DDBE767F81E0E8DDCC12 /* appicon-com.leeo.rotoscopeipad.png */; };
		C8F76F19E8482E589B5FC6B1 /* SessionRecorderTests.swift in Sources */ = {isa = PBXBuildFile; fileRef = 82B480C0AFF5A583EFD3FC35 /* SessionRecorderTests.swift */; };
		CD25053366C11C3F9AAEB7E6 /* Models.swift in Sources */ = {isa = PBXBuildFile; fileRef = D82CFD8AF9BD57FC84B67816 /* Models.swift */; };
		CD727089B374CF1FABA17475 /* CodeTestList.swift in Sources */ = {isa = PBXBuildFile; fileRef = 81CA3982A9A2EBE803BDA28C /* CodeTestList.swift */; };
		CFB5BDDD726A1FD660D09AAF /* SessionDraftStore.swift in Sources */ = {isa = PBXBuildFile; fileRef = 0340B485D686C126CCB88303 /* SessionDraftStore.swift */; };
		D169F3711A53957C003D3F8C /* SkipStore.swift in Sources */ = {isa = PBXBuildFile; fileRef = 981E2F60D733AF4587EAF8F6 /* SkipStore.swift */; };
		D3CDA8C3AA37EFAB9BB0E821 /* appicon-com.ysoup.rapportmap.png in Resources */ = {isa = PBXBuildFile; fileRef = 52EC376D9D343436124C6B29 /* appicon-com.ysoup.rapportmap.png */; };
		D6F8AB5A7D551A8DF5966551 /* Enums.swift in Sources */ = {isa = PBXBuildFile; fileRef = 8CCBDBA21696D1AF6B6DE48C /* Enums.swift */; };
		D8F68CA748E7D8AC80F41DF7 /* appicon-com.leeo.stickypresenter.png in Resources */ = {isa = PBXBuildFile; fileRef = 480A51F61D2EA07ED4E5EA63 /* appicon-com.leeo.stickypresenter.png */; };
		D9DC0CA1BAD0AE6113CD5264 /* appicon-com.devkoan.calendarsnap.png in Resources */ = {isa = PBXBuildFile; fileRef = 693C12CC227EA12A382748AE /* appicon-com.devkoan.calendarsnap.png */; };
		DA2431379252B973A5D994FC /* SessionDraftTests.swift in Sources */ = {isa = PBXBuildFile; fileRef = 9CDA29B35A32B935166EE93A /* SessionDraftTests.swift */; };
		E2136D2495F1B0DD96894B90 /* appicon-com.leeo.reboundjournal.png in Resources */ = {isa = PBXBuildFile; fileRef = CB680C20B7EF90706D3B6158 /* appicon-com.leeo.reboundjournal.png */; };
		E4F11050895D9759A5AE7E41 /* RootView.swift in Sources */ = {isa = PBXBuildFile; fileRef = E52A3BA62A08688DE3877270 /* RootView.swift */; };
		EA8552FA2E643708CF150AA6 /* appicon-com.xa.toki.png in Resources */ = {isa = PBXBuildFile; fileRef = 8460B05A5CA29ADDE66BA4E3 /* appicon-com.xa.toki.png */; };
		EE28020DF30CE855FC62690A /* Persistence.swift in Sources */ = {isa = PBXBuildFile; fileRef = 8D261538F46586DBAA9DEA6A /* Persistence.swift */; };
		F06614EF135341BFF1485B8B /* appicon-com.lottochecker.app.png in Resources */ = {isa = PBXBuildFile; fileRef = D91FB04E501030FE3819BAC3 /* appicon-com.lottochecker.app.png */; };
		F272BC790358EDD8CE6F9E3B /* ImportTests.swift in Sources */ = {isa = PBXBuildFile; fileRef = A32B736EB4AD40911A7CFD8B /* ImportTests.swift */; };
		F95110B2B7064D1A35B2975F /* appicon-com.example.scheduledensityapp.png in Resources */ = {isa = PBXBuildFile; fileRef = 6E093D6218FEBD311BB213F8 /* appicon-com.example.scheduledensityapp.png */; };
		F9C6A2C85A20BA4FE3ED7B2E /* QASessionView.swift in Sources */ = {isa = PBXBuildFile; fileRef = 5E2CAFBE52C92A2A7B9EA18E /* QASessionView.swift */; };
		FA660B60D01D90444A03D0E9 /* Models.swift in Sources */ = {isa = PBXBuildFile; fileRef = D82CFD8AF9BD57FC84B67816 /* Models.swift */; };
		FD73AE9393D50749B44D000B /* IssuesView.swift in Sources */ = {isa = PBXBuildFile; fileRef = B92D5DFC0753E937436228E9 /* IssuesView.swift */; };
/* End PBXBuildFile section */

/* Begin PBXContainerItemProxy section */
		ECFE3A60B85C710E5D03FDD0 /* PBXContainerItemProxy */ = {
			isa = PBXContainerItemProxy;
			containerPortal = EA1ACEE0B15009E22CA8285F /* Project object */;
			proxyType = 1;
			remoteGlobalIDString = 292939147674D9BBC5AEC5A4;
			remoteInfo = QARotation;
		};
		F1AD4DF8C84C1E09648A11EF /* PBXContainerItemProxy */ = {
			isa = PBXContainerItemProxy;
			containerPortal = EA1ACEE0B15009E22CA8285F /* Project object */;
			proxyType = 1;
			remoteGlobalIDString = E7DF8AA0D51D5763921939EA;
			remoteInfo = QARotationWidget;
		};
/* End PBXContainerItemProxy section */

/* Begin PBXCopyFilesBuildPhase section */
		49CF6BA31A9813077F14D0FA /* Embed Foundation Extensions */ = {
			isa = PBXCopyFilesBuildPhase;
			buildActionMask = 2147483647;
			dstPath = "";
			dstSubfolderSpec = 13;
			files = (
				085DC232C4B9DFCD1E097F61 /* QARotationWidget.appex in Embed Foundation Extensions */,
			);
			name = "Embed Foundation Extensions";
			runOnlyForDeploymentPostprocessing = 0;
		};
/* End PBXCopyFilesBuildPhase section */

/* Begin PBXFileReference section */
		0209704E0DC497BA8DCC7C99 /* appicon-com.leeo.footprintdiary.png */ = {isa = PBXFileReference; lastKnownFileType = image.png; path = "appicon-com.leeo.footprintdiary.png"; sourceTree = "<group>"; };
		0340B485D686C126CCB88303 /* SessionDraftStore.swift */ = {isa = PBXFileReference; lastKnownFileType = sourcecode.swift; path = SessionDraftStore.swift; sourceTree = "<group>"; };
		0600CE88531C423437054971 /* LastQABadge.swift */ = {isa = PBXFileReference; lastKnownFileType = sourcecode.swift; path = LastQABadge.swift; sourceTree = "<group>"; };
		180A335167BC12B841D40E24 /* appicon-com.leeo.stickypresenter.remote.png */ = {isa = PBXFileReference; lastKnownFileType = image.png; path = "appicon-com.leeo.stickypresenter.remote.png"; sourceTree = "<group>"; };
		22A8A955910A0C9C5E3BF315 /* appicon-com.kora.leeo.png */ = {isa = PBXFileReference; lastKnownFileType = image.png; path = "appicon-com.kora.leeo.png"; sourceTree = "<group>"; };
		273AF1D1B76AB1F326D6631C /* RotationTests.swift */ = {isa = PBXFileReference; lastKnownFileType = sourcecode.swift; path = RotationTests.swift; sourceTree = "<group>"; };
		28FBC295F65F12E11B361D3B /* Info.plist */ = {isa = PBXFileReference; lastKnownFileType = text.plist; path = Info.plist; sourceTree = "<group>"; };
		2A3F696A06C266F6D893605E /* VersionHistory.swift */ = {isa = PBXFileReference; lastKnownFileType = sourcecode.swift; path = VersionHistory.swift; sourceTree = "<group>"; };
		30FE63128DAF517252CF2AE4 /* appicon-com.ysoup.cooltime.png */ = {isa = PBXFileReference; lastKnownFileType = image.png; path = "appicon-com.ysoup.cooltime.png"; sourceTree = "<group>"; };
		35EE495007B15E701CB306C5 /* appicon-com.devkoan.firetracker.png */ = {isa = PBXFileReference; lastKnownFileType = image.png; path = "appicon-com.devkoan.firetracker.png"; sourceTree = "<group>"; };
		365BC4D7FCBF913FCD734CA6 /* appicon-com.leeo.bookmarkshot.png */ = {isa = PBXFileReference; lastKnownFileType = image.png; path = "appicon-com.leeo.bookmarkshot.png"; sourceTree = "<group>"; };
		38F5B110E69145AA37DB4861 /* ImportController.swift */ = {isa = PBXFileReference; lastKnownFileType = sourcecode.swift; path = ImportController.swift; sourceTree = "<group>"; };
		3A5C63205168CBD7C65D0457 /* QARotationApp.swift */ = {isa = PBXFileReference; lastKnownFileType = sourcecode.swift; path = QARotationApp.swift; sourceTree = "<group>"; };
		3B48270A9EB6BF3011DDFD28 /* appicon-com.leeo.handsfreemetronome.png */ = {isa = PBXFileReference; lastKnownFileType = image.png; path = "appicon-com.leeo.handsfreemetronome.png"; sourceTree = "<group>"; };
		3D0F1A467896100327FD6503 /* appicon-com.example.moonlitorder.png */ = {isa = PBXFileReference; lastKnownFileType = image.png; path = "appicon-com.example.moonlitorder.png"; sourceTree = "<group>"; };
		3D94B795F592D34D8886B8D2 /* BundledApps.swift */ = {isa = PBXFileReference; lastKnownFileType = sourcecode.swift; path = BundledApps.swift; sourceTree = "<group>"; };
		3E04BE6CDFD4B2795C782CD6 /* SessionRecorder.swift */ = {isa = PBXFileReference; lastKnownFileType = sourcecode.swift; path = SessionRecorder.swift; sourceTree = "<group>"; };
		40F6E4D67FC4F444D164E51B /* appicon-com.bucketclimb.app.png */ = {isa = PBXFileReference; lastKnownFileType = image.png; path = "appicon-com.bucketclimb.app.png"; sourceTree = "<group>"; };
		42EF56E026EF2DEC29A0AB3B /* Localizable.xcstrings */ = {isa = PBXFileReference; lastKnownFileType = text.json.xcstrings; path = Localizable.xcstrings; sourceTree = "<group>"; };
		471115DD2F38F686F8CD2E1D /* appicon-com.ysoup.leavewise.png */ = {isa = PBXFileReference; lastKnownFileType = image.png; path = "appicon-com.ysoup.leavewise.png"; sourceTree = "<group>"; };
		480A51F61D2EA07ED4E5EA63 /* appicon-com.leeo.stickypresenter.png */ = {isa = PBXFileReference; lastKnownFileType = image.png; path = "appicon-com.leeo.stickypresenter.png"; sourceTree = "<group>"; };
		4B66510E33702D11DF604CA2 /* AppChecklistSeederTests.swift */ = {isa = PBXFileReference; lastKnownFileType = sourcecode.swift; path = AppChecklistSeederTests.swift; sourceTree = "<group>"; };
		4FADFA86363AC571B0C49185 /* appicon-com.leeo.pixelme.png */ = {isa = PBXFileReference; lastKnownFileType = image.png; path = "appicon-com.leeo.pixelme.png"; sourceTree = "<group>"; };
		50AC2CB91320D827700483E4 /* Rotation.swift */ = {isa = PBXFileReference; lastKnownFileType = sourcecode.swift; path = Rotation.swift; sourceTree = "<group>"; };
		524D566F201E4DBD141F5C72 /* ChecklistIndexView.swift */ = {isa = PBXFileReference; lastKnownFileType = sourcecode.swift; path = ChecklistIndexView.swift; sourceTree = "<group>"; };
		52CD4E3463D6EBBC1BE4AC34 /* AppIconView.swift */ = {isa = PBXFileReference; lastKnownFileType = sourcecode.swift; path = AppIconView.swift; sourceTree = "<group>"; };
		52EC376D9D343436124C6B29 /* appicon-com.ysoup.rapportmap.png */ = {isa = PBXFileReference; lastKnownFileType = image.png; path = "appicon-com.ysoup.rapportmap.png"; sourceTree = "<group>"; };
		54F5FD8F0DD9F02360486FB9 /* appicon-com.leeo.lullabyrecipe.png */ = {isa = PBXFileReference; lastKnownFileType = image.png; path = "appicon-com.leeo.lullabyrecipe.png"; sourceTree = "<group>"; };
		57463C77F9175756CBFA1815 /* appicon-com.leeo.juniordevmistakes.png */ = {isa = PBXFileReference; lastKnownFileType = image.png; path = "appicon-com.leeo.juniordevmistakes.png"; sourceTree = "<group>"; };
		5A6D582A01A48A7D436C7EDF /* appicon-com.leeo.higgym.png */ = {isa = PBXFileReference; lastKnownFileType = image.png; path = "appicon-com.leeo.higgym.png"; sourceTree = "<group>"; };
		5B53BACEEBE539978F181D0C /* QARotation.entitlements */ = {isa = PBXFileReference; lastKnownFileType = text.plist.entitlements; path = QARotation.entitlements; sourceTree = "<group>"; };
		5CA7752763F59A378DEC7FE5 /* DefaultStepsByApp.swift */ = {isa = PBXFileReference; lastKnownFileType = sourcecode.swift; path = DefaultStepsByApp.swift; sourceTree = "<group>"; };
		5E2CAFBE52C92A2A7B9EA18E /* QASessionView.swift */ = {isa = PBXFileReference; lastKnownFileType = sourcecode.swift; path = QASessionView.swift; sourceTree = "<group>"; };
		5F49E2AE39EB8EC2A11056F6 /* appicon-com.ysoup.tokenmemo-tap.png */ = {isa = PBXFileReference; lastKnownFileType = image.png; path = "appicon-com.ysoup.tokenmemo-tap.png"; sourceTree = "<group>"; };
		6338CB747615ECC984E203BD /* AppChecklistCatalog.swift */ = {isa = PBXFileReference; lastKnownFileType = sourcecode.swift; path = AppChecklistCatalog.swift; sourceTree = "<group>"; };
		67CF659E4249DBA75717ED0F /* appicon-com.leeo.findme.png */ = {isa = PBXFileReference; lastKnownFileType = image.png; path = "appicon-com.leeo.findme.png"; sourceTree = "<group>"; };
		693C12CC227EA12A382748AE /* appicon-com.devkoan.calendarsnap.png */ = {isa = PBXFileReference; lastKnownFileType = image.png; path = "appicon-com.devkoan.calendarsnap.png"; sourceTree = "<group>"; };
		6E093D6218FEBD311BB213F8 /* appicon-com.example.scheduledensityapp.png */ = {isa = PBXFileReference; lastKnownFileType = image.png; path = "appicon-com.example.scheduledensityapp.png"; sourceTree = "<group>"; };
		6E3D6C634A5B5AA6BD5F0DA7 /* SessionViewModel.swift */ = {isa = PBXFileReference; lastKnownFileType = sourcecode.swift; path = SessionViewModel.swift; sourceTree = "<group>"; };
		7085D0AA92BA1875CA0D34F9 /* StepText.swift */ = {isa = PBXFileReference; lastKnownFileType = sourcecode.swift; path = StepText.swift; sourceTree = "<group>"; };
		727C60964026B039C30F2FD2 /* AppImporter.swift */ = {isa = PBXFileReference; lastKnownFileType = sourcecode.swift; path = AppImporter.swift; sourceTree = "<group>"; };
		7361DA61A45FE63BDA8F084F /* AppSettings.swift */ = {isa = PBXFileReference; lastKnownFileType = sourcecode.swift; path = AppSettings.swift; sourceTree = "<group>"; };
		74BAB12E242BD2E28E9B83E8 /* appicon-com.ysoup.routinecamera.png */ = {isa = PBXFileReference; lastKnownFileType = image.png; path = "appicon-com.ysoup.routinecamera.png"; sourceTree = "<group>"; };
		75AC1D86E27A458418B83170 /* IssueDetailView.swift */ = {isa = PBXFileReference; lastKnownFileType = sourcecode.swift; path = IssueDetailView.swift; sourceTree = "<group>"; };
		76E926AEBCFC01E7BCCA1681 /* ChecklistSeeder.swift */ = {isa = PBXFileReference; lastKnownFileType = sourcecode.swift; path = ChecklistSeeder.swift; sourceTree = "<group>"; };
		78E22A4BE04AD4FCCF3813BD /* appicon-com.leeo.skydex.png */ = {isa = PBXFileReference; lastKnownFileType = image.png; path = "appicon-com.leeo.skydex.png"; sourceTree = "<group>"; };
		78E965AA8B8291E8B0843E6A /* appicon-com.ysoup.tokenmemo.png */ = {isa = PBXFileReference; lastKnownFileType = image.png; path = "appicon-com.ysoup.tokenmemo.png"; sourceTree = "<group>"; };
		7A33F1EFFDEBBF24C8ABE908 /* QARotationWidget.entitlements */ = {isa = PBXFileReference; lastKnownFileType = text.plist.entitlements; path = QARotationWidget.entitlements; sourceTree = "<group>"; };
		7E2ED3DF60DBD4D7AB8F43BB /* Assets.xcassets */ = {isa = PBXFileReference; lastKnownFileType = folder.assetcatalog; path = Assets.xcassets; sourceTree = "<group>"; };
		7E415606380C7726E97F87D1 /* appicon-com.leeo.sunflower.png */ = {isa = PBXFileReference; lastKnownFileType = image.png; path = "appicon-com.leeo.sunflower.png"; sourceTree = "<group>"; };
		7E76B165260F1452A817D7F3 /* SessionHeaderView.swift */ = {isa = PBXFileReference; lastKnownFileType = sourcecode.swift; path = SessionHeaderView.swift; sourceTree = "<group>"; };
		81CA3982A9A2EBE803BDA28C /* CodeTestList.swift */ = {isa = PBXFileReference; lastKnownFileType = sourcecode.swift; path = CodeTestList.swift; sourceTree = "<group>"; };
		82253294AF4BA0035471C218 /* appicon-com.leeo.thinkflow.png */ = {isa = PBXFileReference; lastKnownFileType = image.png; path = "appicon-com.leeo.thinkflow.png"; sourceTree = "<group>"; };
		82B480C0AFF5A583EFD3FC35 /* SessionRecorderTests.swift */ = {isa = PBXFileReference; lastKnownFileType = sourcecode.swift; path = SessionRecorderTests.swift; sourceTree = "<group>"; };
		8430DDBE767F81E0E8DDCC12 /* appicon-com.leeo.rotoscopeipad.png */ = {isa = PBXFileReference; lastKnownFileType = image.png; path = "appicon-com.leeo.rotoscopeipad.png"; sourceTree = "<group>"; };
		8460B05A5CA29ADDE66BA4E3 /* appicon-com.xa.toki.png */ = {isa = PBXFileReference; lastKnownFileType = image.png; path = "appicon-com.xa.toki.png"; sourceTree = "<group>"; };
		864DAED30760BDC61CC2444A /* TodayPickWidget.swift */ = {isa = PBXFileReference; lastKnownFileType = sourcecode.swift; path = TodayPickWidget.swift; sourceTree = "<group>"; };
		8ADB1E8324E48C5944AB03D6 /* SessionDetailView.swift */ = {isa = PBXFileReference; lastKnownFileType = sourcecode.swift; path = SessionDetailView.swift; sourceTree = "<group>"; };
		8B6B543AF25D82DCDE62A2B9 /* appicon-com.ysoup.restaurantmap.png */ = {isa = PBXFileReference; lastKnownFileType = image.png; path = "appicon-com.ysoup.restaurantmap.png"; sourceTree = "<group>"; };
		8BC8935E246E647CDEBE0529 /* QARotationTests.xctest */ = {isa = PBXFileReference; includeInIndex = 0; lastKnownFileType = wrapper.cfbundle; path = QARotationTests.xctest; sourceTree = BUILT_PRODUCTS_DIR; };
		8BDDEEB2240D03EFE2142711 /* QARotation.app */ = {isa = PBXFileReference; includeInIndex = 0; lastKnownFileType = wrapper.application; path = QARotation.app; sourceTree = BUILT_PRODUCTS_DIR; };
		8CCBDBA21696D1AF6B6DE48C /* Enums.swift */ = {isa = PBXFileReference; lastKnownFileType = sourcecode.swift; path = Enums.swift; sourceTree = "<group>"; };
		8D261538F46586DBAA9DEA6A /* Persistence.swift */ = {isa = PBXFileReference; lastKnownFileType = sourcecode.swift; path = Persistence.swift; sourceTree = "<group>"; };
		9093CAAF63FC814645EA5596 /* NotificationScheduler.swift */ = {isa = PBXFileReference; lastKnownFileType = sourcecode.swift; path = NotificationScheduler.swift; sourceTree = "<group>"; };
		92C898300A7DCC93888108E5 /* appicon-com.devkoan.staffsinger.png */ = {isa = PBXFileReference; lastKnownFileType = image.png; path = "appicon-com.devkoan.staffsinger.png"; sourceTree = "<group>"; };
		97D8772F5F434D9FBE0CE0D3 /* ChecklistRow.swift */ = {isa = PBXFileReference; lastKnownFileType = sourcecode.swift; path = ChecklistRow.swift; sourceTree = "<group>"; };
		981E2F60D733AF4587EAF8F6 /* SkipStore.swift */ = {isa = PBXFileReference; lastKnownFileType = sourcecode.swift; path = SkipStore.swift; sourceTree = "<group>"; };
		9A0D3D4CC250AE94A5482990 /* PickResolver.swift */ = {isa = PBXFileReference; lastKnownFileType = sourcecode.swift; path = PickResolver.swift; sourceTree = "<group>"; };
		9CDA29B35A32B935166EE93A /* SessionDraftTests.swift */ = {isa = PBXFileReference; lastKnownFileType = sourcecode.swift; path = SessionDraftTests.swift; sourceTree = "<group>"; };
		A0055E3A94769E4C72F8FB88 /* appicon-com.leeo.jujob.png */ = {isa = PBXFileReference; lastKnownFileType = image.png; path = "appicon-com.leeo.jujob.png"; sourceTree = "<group>"; };
		A32B736EB4AD40911A7CFD8B /* ImportTests.swift */ = {isa = PBXFileReference; lastKnownFileType = sourcecode.swift; path = ImportTests.swift; sourceTree = "<group>"; };
		A402F362F20D3D346F91D5E8 /* TodayView.swift */ = {isa = PBXFileReference; lastKnownFileType = sourcecode.swift; path = TodayView.swift; sourceTree = "<group>"; };
		A7A1A4954AD5E38768C74007 /* AppDetailView.swift */ = {isa = PBXFileReference; lastKnownFileType = sourcecode.swift; path = AppDetailView.swift; sourceTree = "<group>"; };
		A86241273DEDFF98FB26F2D5 /* WideButtonLabel.swift */ = {isa = PBXFileReference; lastKnownFileType = sourcecode.swift; path = WideButtonLabel.swift; sourceTree = "<group>"; };
		A90D85B67F66289F72B765A3 /* appicon-com.devkoan.scheduledensityapp.png */ = {isa = PBXFileReference; lastKnownFileType = image.png; path = "appicon-com.devkoan.scheduledensityapp.png"; sourceTree = "<group>"; };
		A9627EDC874EF394C6C798D9 /* Info.plist */ = {isa = PBXFileReference; lastKnownFileType = text.plist; path = Info.plist; sourceTree = "<group>"; };
		AAE1A780135E3E63A916E505 /* appicon-com.burningparchment.app.png */ = {isa = PBXFileReference; lastKnownFileType = image.png; path = "appicon-com.burningparchment.app.png"; sourceTree = "<group>"; };
		AF8A873C4465EDAA1AC05F21 /* appicon-com.devkoan.stampcamera.png */ = {isa = PBXFileReference; lastKnownFileType = image.png; path = "appicon-com.devkoan.stampcamera.png"; sourceTree = "<group>"; };
		B34C0B6CD80FCB7C136E891B /* AppDelegate.swift */ = {isa = PBXFileReference; lastKnownFileType = sourcecode.swift; path = AppDelegate.swift; sourceTree = "<group>"; };
		B92D5DFC0753E937436228E9 /* IssuesView.swift */ = {isa = PBXFileReference; lastKnownFileType = sourcecode.swift; path = IssuesView.swift; sourceTree = "<group>"; };
		B9BA602A0B5D0E2759F1E399 /* SettingsView.swift */ = {isa = PBXFileReference; lastKnownFileType = sourcecode.swift; path = SettingsView.swift; sourceTree = "<group>"; };
		BF51EFB5AFEF1B7D37BE6217 /* appicon-com.leeo.wifisnap.png */ = {isa = PBXFileReference; lastKnownFileType = image.png; path = "appicon-com.leeo.wifisnap.png"; sourceTree = "<group>"; };
		BFC742F77A0846264F10E9FD /* PickChangeCoordinator.swift */ = {isa = PBXFileReference; lastKnownFileType = sourcecode.swift; path = PickChangeCoordinator.swift; sourceTree = "<group>"; };
		C0059FAD2027BDCFBAC416CA /* appicon-com.leeo.conversationpractice.png */ = {isa = PBXFileReference; lastKnownFileType = image.png; path = "appicon-com.leeo.conversationpractice.png"; sourceTree = "<group>"; };
		C029EF31625015D40449351A /* SeedApps.json */ = {isa = PBXFileReference; lastKnownFileType = text.json; path = SeedApps.json; sourceTree = "<group>"; };
		C171DFB61181C3B365D3633F /* appicon-com.family.familycourt.png */ = {isa = PBXFileReference; lastKnownFileType = image.png; path = "appicon-com.family.familycourt.png"; sourceTree = "<group>"; };
		C2EA04EDD1569E91BA8B7F9C /* VersionPicker.swift */ = {isa = PBXFileReference; lastKnownFileType = sourcecode.swift; path = VersionPicker.swift; sourceTree = "<group>"; };
		C6DE6DAA07137A4586B1DA22 /* AppsListView.swift */ = {isa = PBXFileReference; lastKnownFileType = sourcecode.swift; path = AppsListView.swift; sourceTree = "<group>"; };
		CB680C20B7EF90706D3B6158 /* appicon-com.leeo.reboundjournal.png */ = {isa = PBXFileReference; lastKnownFileType = image.png; path = "appicon-com.leeo.reboundjournal.png"; sourceTree = "<group>"; };
		CFBDDB918230DB876293CF94 /* appicon-com.devkoan.indonesiansmalltalk.png */ = {isa = PBXFileReference; lastKnownFileType = image.png; path = "appicon-com.devkoan.indonesiansmalltalk.png"; sourceTree = "<group>"; };
		D6041338D4F7EE03C78B7EA9 /* AppEditView.swift */ = {isa = PBXFileReference; lastKnownFileType = sourcecode.swift; path = AppEditView.swift; sourceTree = "<group>"; };
		D82CFD8AF9BD57FC84B67816 /* Models.swift */ = {isa = PBXFileReference; lastKnownFileType = sourcecode.swift; path = Models.swift; sourceTree = "<group>"; };
		D91FB04E501030FE3819BAC3 /* appicon-com.lottochecker.app.png */ = {isa = PBXFileReference; lastKnownFileType = image.png; path = "appicon-com.lottochecker.app.png"; sourceTree = "<group>"; };
		D96C3BC6CB9E3A0A23995DC8 /* OutcomeButtons.swift */ = {isa = PBXFileReference; lastKnownFileType = sourcecode.swift; path = OutcomeButtons.swift; sourceTree = "<group>"; };
		DBE654F60C159BAFBF36E98D /* appicon-com.leeo.slidesnap.png */ = {isa = PBXFileReference; lastKnownFileType = image.png; path = "appicon-com.leeo.slidesnap.png"; sourceTree = "<group>"; };
		DE1E15329AFC5AEB395EB871 /* FocusedChecklistView.swift */ = {isa = PBXFileReference; lastKnownFileType = sourcecode.swift; path = FocusedChecklistView.swift; sourceTree = "<group>"; };
		E3C56F9A7515D9F2441C5E90 /* appicon-com.leeo.dontgomart.png */ = {isa = PBXFileReference; lastKnownFileType = image.png; path = "appicon-com.leeo.dontgomart.png"; sourceTree = "<group>"; };
		E52A3BA62A08688DE3877270 /* RootView.swift */ = {isa = PBXFileReference; lastKnownFileType = sourcecode.swift; path = RootView.swift; sourceTree = "<group>"; };
		E69D9C341BE673DABBFC9EE1 /* QARotationWidget.appex */ = {isa = PBXFileReference; includeInIndex = 0; lastKnownFileType = "wrapper.app-extension"; path = QARotationWidget.appex; sourceTree = BUILT_PRODUCTS_DIR; };
		EE08DB977009800412878CCE /* ITunesLookupClient.swift */ = {isa = PBXFileReference; lastKnownFileType = sourcecode.swift; path = ITunesLookupClient.swift; sourceTree = "<group>"; };
		F0123C57207E61B466A74561 /* DeviceInfo.swift */ = {isa = PBXFileReference; lastKnownFileType = sourcecode.swift; path = DeviceInfo.swift; sourceTree = "<group>"; };
		F109683E1E99F8D03EA8DA39 /* Router.swift */ = {isa = PBXFileReference; lastKnownFileType = sourcecode.swift; path = Router.swift; sourceTree = "<group>"; };
		F3EE61C45A46D0AF482A8CE4 /* DeepLink.swift */ = {isa = PBXFileReference; lastKnownFileType = sourcecode.swift; path = DeepLink.swift; sourceTree = "<group>"; };
		F5C0858E49D79F94A4FB244F /* appicon-com.devkoan.externalize.png */ = {isa = PBXFileReference; lastKnownFileType = image.png; path = "appicon-com.devkoan.externalize.png"; sourceTree = "<group>"; };
		FB8B236A1231B4DDDAA271F8 /* ChecklistEditorView.swift */ = {isa = PBXFileReference; lastKnownFileType = sourcecode.swift; path = ChecklistEditorView.swift; sourceTree = "<group>"; };
		FBED544EC467850F56727F68 /* appicon-com.family.familybank.png */ = {isa = PBXFileReference; lastKnownFileType = image.png; path = "appicon-com.family.familybank.png"; sourceTree = "<group>"; };
/* End PBXFileReference section */

/* Begin PBXGroup section */
		159DA31D536991AB169549C3 /* QARotationTests */ = {
			isa = PBXGroup;
			children = (
				4B66510E33702D11DF604CA2 /* AppChecklistSeederTests.swift */,
				A32B736EB4AD40911A7CFD8B /* ImportTests.swift */,
				273AF1D1B76AB1F326D6631C /* RotationTests.swift */,
				9CDA29B35A32B935166EE93A /* SessionDraftTests.swift */,
				82B480C0AFF5A583EFD3FC35 /* SessionRecorderTests.swift */,
			);
			path = QARotationTests;
			sourceTree = "<group>";
		};
		29CB3D4CB177D3B243FEA71B /* Issues */ = {
			isa = PBXGroup;
			children = (
				75AC1D86E27A458418B83170 /* IssueDetailView.swift */,
				B92D5DFC0753E937436228E9 /* IssuesView.swift */,
			);
			path = Issues;
			sourceTree = "<group>";
		};
		3F2B61AA96E438A9B4F3227E /* Support */ = {
			isa = PBXGroup;
			children = (
				7361DA61A45FE63BDA8F084F /* AppSettings.swift */,
				F3EE61C45A46D0AF482A8CE4 /* DeepLink.swift */,
				8D261538F46586DBAA9DEA6A /* Persistence.swift */,
				0340B485D686C126CCB88303 /* SessionDraftStore.swift */,
			);
			path = Support;
			sourceTree = "<group>";
		};
		44D4AE135333B584AEA54646 /* Today */ = {
			isa = PBXGroup;
			children = (
				A402F362F20D3D346F91D5E8 /* TodayView.swift */,
			);
			path = Today;
			sourceTree = "<group>";
		};
		46F8531D034B683D052CED90 /* Apps */ = {
			isa = PBXGroup;
			children = (
				A7A1A4954AD5E38768C74007 /* AppDetailView.swift */,
				D6041338D4F7EE03C78B7EA9 /* AppEditView.swift */,
				C6DE6DAA07137A4586B1DA22 /* AppsListView.swift */,
				81CA3982A9A2EBE803BDA28C /* CodeTestList.swift */,
				8ADB1E8324E48C5944AB03D6 /* SessionDetailView.swift */,
				2A3F696A06C266F6D893605E /* VersionHistory.swift */,
				C2EA04EDD1569E91BA8B7F9C /* VersionPicker.swift */,
			);
			path = Apps;
			sourceTree = "<group>";
		};
		4A326EE3EBF5FD57A6138BC7 /* Settings */ = {
			isa = PBXGroup;
			children = (
				FB8B236A1231B4DDDAA271F8 /* ChecklistEditorView.swift */,
				B9BA602A0B5D0E2759F1E399 /* SettingsView.swift */,
			);
			path = Settings;
			sourceTree = "<group>";
		};
		53EB5D735383F8858BD6BF2F /* QARotationWidget */ = {
			isa = PBXGroup;
			children = (
				28FBC295F65F12E11B361D3B /* Info.plist */,
				7A33F1EFFDEBBF24C8ABE908 /* QARotationWidget.entitlements */,
				864DAED30760BDC61CC2444A /* TodayPickWidget.swift */,
			);
			path = QARotationWidget;
			sourceTree = "<group>";
		};
		656A51EDAF1B1EA7EF6528C9 /* Session */ = {
			isa = PBXGroup;
			children = (
				524D566F201E4DBD141F5C72 /* ChecklistIndexView.swift */,
				97D8772F5F434D9FBE0CE0D3 /* ChecklistRow.swift */,
				DE1E15329AFC5AEB395EB871 /* FocusedChecklistView.swift */,
				5E2CAFBE52C92A2A7B9EA18E /* QASessionView.swift */,
				7E76B165260F1452A817D7F3 /* SessionHeaderView.swift */,
				6E3D6C634A5B5AA6BD5F0DA7 /* SessionViewModel.swift */,
				7085D0AA92BA1875CA0D34F9 /* StepText.swift */,
			);
			path = Session;
			sourceTree = "<group>";
		};
		6D4F530A382752E0A9825DD8 /* Components */ = {
			isa = PBXGroup;
			children = (
				52CD4E3463D6EBBC1BE4AC34 /* AppIconView.swift */,
				0600CE88531C423437054971 /* LastQABadge.swift */,
				D96C3BC6CB9E3A0A23995DC8 /* OutcomeButtons.swift */,
				A86241273DEDFF98FB26F2D5 /* WideButtonLabel.swift */,
			);
			path = Components;
			sourceTree = "<group>";
		};
		7282CDF5C3271ABC779EDA3D /* Models */ = {
			isa = PBXGroup;
			children = (
				8CCBDBA21696D1AF6B6DE48C /* Enums.swift */,
				D82CFD8AF9BD57FC84B67816 /* Models.swift */,
			);
			path = Models;
			sourceTree = "<group>";
		};
		757D09A83912972D1D29846C /* Rotation */ = {
			isa = PBXGroup;
			children = (
				9A0D3D4CC250AE94A5482990 /* PickResolver.swift */,
				50AC2CB91320D827700483E4 /* Rotation.swift */,
				981E2F60D733AF4587EAF8F6 /* SkipStore.swift */,
			);
			path = Rotation;
			sourceTree = "<group>";
		};
		78E64606A9EEBE672C2DDB1A /* Resources */ = {
			isa = PBXGroup;
			children = (
				7E2ED3DF60DBD4D7AB8F43BB /* Assets.xcassets */,
				42EF56E026EF2DEC29A0AB3B /* Localizable.xcstrings */,
				A17353C4BCBCE658A909340B /* SeedApps */,
			);
			path = Resources;
			sourceTree = "<group>";
		};
		7AE9ACA9E41F8F24F3257C99 /* Shared */ = {
			isa = PBXGroup;
			children = (
				7282CDF5C3271ABC779EDA3D /* Models */,
				757D09A83912972D1D29846C /* Rotation */,
				3F2B61AA96E438A9B4F3227E /* Support */,
			);
			path = Shared;
			sourceTree = "<group>";
		};
		83B33B66B0EE11C01417FD77 /* QARotation */ = {
			isa = PBXGroup;
			children = (
				A9627EDC874EF394C6C798D9 /* Info.plist */,
				5B53BACEEBE539978F181D0C /* QARotation.entitlements */,
				F8CFBD782092B22FFC54E7D5 /* App */,
				6D4F530A382752E0A9825DD8 /* Components */,
				E745CA32567C5EBE8433F39D /* Features */,
				78E64606A9EEBE672C2DDB1A /* Resources */,
				D07EA267A99265613EB9F745 /* Services */,
			);
			path = QARotation;
			sourceTree = "<group>";
		};
		97E04AE1AD9E8D8BA4E13F22 /* Products */ = {
			isa = PBXGroup;
			children = (
				8BDDEEB2240D03EFE2142711 /* QARotation.app */,
				8BC8935E246E647CDEBE0529 /* QARotationTests.xctest */,
				E69D9C341BE673DABBFC9EE1 /* QARotationWidget.appex */,
			);
			name = Products;
			sourceTree = "<group>";
		};
		A17353C4BCBCE658A909340B /* SeedApps */ = {
			isa = PBXGroup;
			children = (
				40F6E4D67FC4F444D164E51B /* appicon-com.bucketclimb.app.png */,
				AAE1A780135E3E63A916E505 /* appicon-com.burningparchment.app.png */,
				693C12CC227EA12A382748AE /* appicon-com.devkoan.calendarsnap.png */,
				F5C0858E49D79F94A4FB244F /* appicon-com.devkoan.externalize.png */,
				35EE495007B15E701CB306C5 /* appicon-com.devkoan.firetracker.png */,
				CFBDDB918230DB876293CF94 /* appicon-com.devkoan.indonesiansmalltalk.png */,
				A90D85B67F66289F72B765A3 /* appicon-com.devkoan.scheduledensityapp.png */,
				92C898300A7DCC93888108E5 /* appicon-com.devkoan.staffsinger.png */,
				AF8A873C4465EDAA1AC05F21 /* appicon-com.devkoan.stampcamera.png */,
				3D0F1A467896100327FD6503 /* appicon-com.example.moonlitorder.png */,
				6E093D6218FEBD311BB213F8 /* appicon-com.example.scheduledensityapp.png */,
				FBED544EC467850F56727F68 /* appicon-com.family.familybank.png */,
				C171DFB61181C3B365D3633F /* appicon-com.family.familycourt.png */,
				22A8A955910A0C9C5E3BF315 /* appicon-com.kora.leeo.png */,
				365BC4D7FCBF913FCD734CA6 /* appicon-com.leeo.bookmarkshot.png */,
				C0059FAD2027BDCFBAC416CA /* appicon-com.leeo.conversationpractice.png */,
				E3C56F9A7515D9F2441C5E90 /* appicon-com.leeo.dontgomart.png */,
				67CF659E4249DBA75717ED0F /* appicon-com.leeo.findme.png */,
				0209704E0DC497BA8DCC7C99 /* appicon-com.leeo.footprintdiary.png */,
				3B48270A9EB6BF3011DDFD28 /* appicon-com.leeo.handsfreemetronome.png */,
				5A6D582A01A48A7D436C7EDF /* appicon-com.leeo.higgym.png */,
				A0055E3A94769E4C72F8FB88 /* appicon-com.leeo.jujob.png */,
				57463C77F9175756CBFA1815 /* appicon-com.leeo.juniordevmistakes.png */,
				54F5FD8F0DD9F02360486FB9 /* appicon-com.leeo.lullabyrecipe.png */,
				4FADFA86363AC571B0C49185 /* appicon-com.leeo.pixelme.png */,
				CB680C20B7EF90706D3B6158 /* appicon-com.leeo.reboundjournal.png */,
				8430DDBE767F81E0E8DDCC12 /* appicon-com.leeo.rotoscopeipad.png */,
				78E22A4BE04AD4FCCF3813BD /* appicon-com.leeo.skydex.png */,
				DBE654F60C159BAFBF36E98D /* appicon-com.leeo.slidesnap.png */,
				480A51F61D2EA07ED4E5EA63 /* appicon-com.leeo.stickypresenter.png */,
				180A335167BC12B841D40E24 /* appicon-com.leeo.stickypresenter.remote.png */,
				7E415606380C7726E97F87D1 /* appicon-com.leeo.sunflower.png */,
				82253294AF4BA0035471C218 /* appicon-com.leeo.thinkflow.png */,
				BF51EFB5AFEF1B7D37BE6217 /* appicon-com.leeo.wifisnap.png */,
				D91FB04E501030FE3819BAC3 /* appicon-com.lottochecker.app.png */,
				8460B05A5CA29ADDE66BA4E3 /* appicon-com.xa.toki.png */,
				30FE63128DAF517252CF2AE4 /* appicon-com.ysoup.cooltime.png */,
				471115DD2F38F686F8CD2E1D /* appicon-com.ysoup.leavewise.png */,
				52EC376D9D343436124C6B29 /* appicon-com.ysoup.rapportmap.png */,
				8B6B543AF25D82DCDE62A2B9 /* appicon-com.ysoup.restaurantmap.png */,
				74BAB12E242BD2E28E9B83E8 /* appicon-com.ysoup.routinecamera.png */,
				5F49E2AE39EB8EC2A11056F6 /* appicon-com.ysoup.tokenmemo-tap.png */,
				78E965AA8B8291E8B0843E6A /* appicon-com.ysoup.tokenmemo.png */,
				C029EF31625015D40449351A /* SeedApps.json */,
			);
			path = SeedApps;
			sourceTree = "<group>";
		};
		D07EA267A99265613EB9F745 /* Services */ = {
			isa = PBXGroup;
			children = (
				6338CB747615ECC984E203BD /* AppChecklistCatalog.swift */,
				727C60964026B039C30F2FD2 /* AppImporter.swift */,
				3D94B795F592D34D8886B8D2 /* BundledApps.swift */,
				76E926AEBCFC01E7BCCA1681 /* ChecklistSeeder.swift */,
				5CA7752763F59A378DEC7FE5 /* DefaultStepsByApp.swift */,
				F0123C57207E61B466A74561 /* DeviceInfo.swift */,
				38F5B110E69145AA37DB4861 /* ImportController.swift */,
				EE08DB977009800412878CCE /* ITunesLookupClient.swift */,
				9093CAAF63FC814645EA5596 /* NotificationScheduler.swift */,
				BFC742F77A0846264F10E9FD /* PickChangeCoordinator.swift */,
				3E04BE6CDFD4B2795C782CD6 /* SessionRecorder.swift */,
			);
			path = Services;
			sourceTree = "<group>";
		};
		E745CA32567C5EBE8433F39D /* Features */ = {
			isa = PBXGroup;
			children = (
				46F8531D034B683D052CED90 /* Apps */,
				29CB3D4CB177D3B243FEA71B /* Issues */,
				656A51EDAF1B1EA7EF6528C9 /* Session */,
				4A326EE3EBF5FD57A6138BC7 /* Settings */,
				44D4AE135333B584AEA54646 /* Today */,
			);
			path = Features;
			sourceTree = "<group>";
		};
		F8CFBD782092B22FFC54E7D5 /* App */ = {
			isa = PBXGroup;
			children = (
				B34C0B6CD80FCB7C136E891B /* AppDelegate.swift */,
				3A5C63205168CBD7C65D0457 /* QARotationApp.swift */,
				E52A3BA62A08688DE3877270 /* RootView.swift */,
				F109683E1E99F8D03EA8DA39 /* Router.swift */,
			);
			path = App;
			sourceTree = "<group>";
		};
		FA413C196C6B3BD3ABD751C8 = {
			isa = PBXGroup;
			children = (
				83B33B66B0EE11C01417FD77 /* QARotation */,
				159DA31D536991AB169549C3 /* QARotationTests */,
				53EB5D735383F8858BD6BF2F /* QARotationWidget */,
				7AE9ACA9E41F8F24F3257C99 /* Shared */,
				97E04AE1AD9E8D8BA4E13F22 /* Products */,
			);
			sourceTree = "<group>";
		};
/* End PBXGroup section */

/* Begin PBXNativeTarget section */
		292939147674D9BBC5AEC5A4 /* QARotation */ = {
			isa = PBXNativeTarget;
			buildConfigurationList = 839C86548D71052E7A07BF50 /* Build configuration list for PBXNativeTarget "QARotation" */;
			buildPhases = (
				C2364024CBC274C3732BF4B9 /* Sources */,
				89D430BB15B8D841AEE9C688 /* Resources */,
				49CF6BA31A9813077F14D0FA /* Embed Foundation Extensions */,
			);
			buildRules = (
			);
			dependencies = (
				0AFD4365C9FABC31EF55F428 /* PBXTargetDependency */,
			);
			name = QARotation;
			packageProductDependencies = (
			);
			productName = QARotation;
			productReference = 8BDDEEB2240D03EFE2142711 /* QARotation.app */;
			productType = "com.apple.product-type.application";
		};
		492EDBACA8C27D82A8460A9C /* QARotationTests */ = {
			isa = PBXNativeTarget;
			buildConfigurationList = FBAD4E4500F736A959399FE1 /* Build configuration list for PBXNativeTarget "QARotationTests" */;
			buildPhases = (
				4485B1A3B77DF385D90B9F7B /* Sources */,
			);
			buildRules = (
			);
			dependencies = (
				045A427A53143BE87CE77167 /* PBXTargetDependency */,
			);
			name = QARotationTests;
			packageProductDependencies = (
			);
			productName = QARotationTests;
			productReference = 8BC8935E246E647CDEBE0529 /* QARotationTests.xctest */;
			productType = "com.apple.product-type.bundle.unit-test";
		};
		E7DF8AA0D51D5763921939EA /* QARotationWidget */ = {
			isa = PBXNativeTarget;
			buildConfigurationList = 6D0552C48A1673DAE99C204E /* Build configuration list for PBXNativeTarget "QARotationWidget" */;
			buildPhases = (
				34C094D7DC5CF3D7EB8AB78F /* Sources */,
			);
			buildRules = (
			);
			dependencies = (
			);
			name = QARotationWidget;
			packageProductDependencies = (
			);
			productName = QARotationWidget;
			productReference = E69D9C341BE673DABBFC9EE1 /* QARotationWidget.appex */;
			productType = "com.apple.product-type.app-extension";
		};
/* End PBXNativeTarget section */

/* Begin PBXProject section */
		EA1ACEE0B15009E22CA8285F /* Project object */ = {
			isa = PBXProject;
			attributes = {
				BuildIndependentTargetsInParallel = YES;
				LastUpgradeCheck = 1430;
				TargetAttributes = {
					292939147674D9BBC5AEC5A4 = {
						DevelopmentTeam = QGAQ3AY3R3;
						ProvisioningStyle = Automatic;
					};
					492EDBACA8C27D82A8460A9C = {
						DevelopmentTeam = QGAQ3AY3R3;
						ProvisioningStyle = Automatic;
					};
					E7DF8AA0D51D5763921939EA = {
						DevelopmentTeam = QGAQ3AY3R3;
						ProvisioningStyle = Automatic;
					};
				};
			};
			buildConfigurationList = 7AFA5FCBF3628DA48B0E7A53 /* Build configuration list for PBXProject "QARotation" */;
			compatibilityVersion = "Xcode 14.0";
			developmentRegion = ko;
			hasScannedForEncodings = 0;
			knownRegions = (
				Base,
				ko,
			);
			mainGroup = FA413C196C6B3BD3ABD751C8;
			minimizedProjectReferenceProxies = 1;
			preferredProjectObjectVersion = 77;
			projectDirPath = "";
			projectRoot = "";
			targets = (
				292939147674D9BBC5AEC5A4 /* QARotation */,
				492EDBACA8C27D82A8460A9C /* QARotationTests */,
				E7DF8AA0D51D5763921939EA /* QARotationWidget */,
			);
		};
/* End PBXProject section */

/* Begin PBXResourcesBuildPhase section */
		89D430BB15B8D841AEE9C688 /* Resources */ = {
			isa = PBXResourcesBuildPhase;
			buildActionMask = 2147483647;
			files = (
				337D3F545D49DEE09EFC1273 /* Assets.xcassets in Resources */,
				8B0F3AE17EA15B50AD680F39 /* Localizable.xcstrings in Resources */,
				845D49460004015F8CDD9598 /* SeedApps.json in Resources */,
				6C483CFB53DBC29740631D14 /* appicon-com.bucketclimb.app.png in Resources */,
				5049FE4E5FA27B302E05C947 /* appicon-com.burningparchment.app.png in Resources */,
				D9DC0CA1BAD0AE6113CD5264 /* appicon-com.devkoan.calendarsnap.png in Resources */,
				0052A11285D09091C73477A7 /* appicon-com.devkoan.externalize.png in Resources */,
				0010A556C4B4981A859F1B6C /* appicon-com.devkoan.firetracker.png in Resources */,
				0891538ABE494B15B76E79E2 /* appicon-com.devkoan.indonesiansmalltalk.png in Resources */,
				BB4BD37C2EE117319AD1F410 /* appicon-com.devkoan.scheduledensityapp.png in Resources */,
				B14116D15B1C9A5433873F7C /* appicon-com.devkoan.staffsinger.png in Resources */,
				B7B93B031389271C1B6E192B /* appicon-com.devkoan.stampcamera.png in Resources */,
				60D821D3BEEEB9EFDD34EF40 /* appicon-com.example.moonlitorder.png in Resources */,
				F95110B2B7064D1A35B2975F /* appicon-com.example.scheduledensityapp.png in Resources */,
				09FA90C0B592FA1507E8BE14 /* appicon-com.family.familybank.png in Resources */,
				8D40A85CFA12A67EAA4AE6BC /* appicon-com.family.familycourt.png in Resources */,
				15F53885B0B55625B2246285 /* appicon-com.kora.leeo.png in Resources */,
				50958C89707759652EDFD5FA /* appicon-com.leeo.bookmarkshot.png in Resources */,
				3C9C8C83037621743FDBEDF5 /* appicon-com.leeo.conversationpractice.png in Resources */,
				548CF54A65363FA745D57B26 /* appicon-com.leeo.dontgomart.png in Resources */,
				A2EAC922D2A9BD97CB6FF8A9 /* appicon-com.leeo.findme.png in Resources */,
				42BB757964A899DED27B32FF /* appicon-com.leeo.footprintdiary.png in Resources */,
				1A0833D24111667E75DB8191 /* appicon-com.leeo.handsfreemetronome.png in Resources */,
				A8DE88F8ACF66A72A3F46F1D /* appicon-com.leeo.higgym.png in Resources */,
				14F799567881EB0D1C965F5D /* appicon-com.leeo.jujob.png in Resources */,
				1B89648616EB529440A98A22 /* appicon-com.leeo.juniordevmistakes.png in Resources */,
				6B31AD1B8713CE51BBCB0C58 /* appicon-com.leeo.lullabyrecipe.png in Resources */,
				7A31E94AA74E471B99F7D5D4 /* appicon-com.leeo.pixelme.png in Resources */,
				E2136D2495F1B0DD96894B90 /* appicon-com.leeo.reboundjournal.png in Resources */,
				C75AD7CC901CAE13139403B0 /* appicon-com.leeo.rotoscopeipad.png in Resources */,
				C52A1ABBF2007AD0A87B0724 /* appicon-com.leeo.skydex.png in Resources */,
				10D3C869C5616CA6B1834D68 /* appicon-com.leeo.slidesnap.png in Resources */,
				D8F68CA748E7D8AC80F41DF7 /* appicon-com.leeo.stickypresenter.png in Resources */,
				03CE20C64E465D3E76579A96 /* appicon-com.leeo.stickypresenter.remote.png in Resources */,
				BF0AA9DBCE45BC92B0206D7A /* appicon-com.leeo.sunflower.png in Resources */,
				2CEA4AF9708729C904544CC9 /* appicon-com.leeo.thinkflow.png in Resources */,
				6F7406F90643E7877ABF027D /* appicon-com.leeo.wifisnap.png in Resources */,
				F06614EF135341BFF1485B8B /* appicon-com.lottochecker.app.png in Resources */,
				EA8552FA2E643708CF150AA6 /* appicon-com.xa.toki.png in Resources */,
				8DCF1A55DF1CAADD9C8C03A4 /* appicon-com.ysoup.cooltime.png in Resources */,
				2567623B9DFD589252C94EAA /* appicon-com.ysoup.leavewise.png in Resources */,
				D3CDA8C3AA37EFAB9BB0E821 /* appicon-com.ysoup.rapportmap.png in Resources */,
				60F6AD809AA08D328B6D1F70 /* appicon-com.ysoup.restaurantmap.png in Resources */,
				4B61DA2DE5703990EC1A9DA1 /* appicon-com.ysoup.routinecamera.png in Resources */,
				9BE180A5BE534D375D27F767 /* appicon-com.ysoup.tokenmemo-tap.png in Resources */,
				348278FE32E7A96C3CE0E14C /* appicon-com.ysoup.tokenmemo.png in Resources */,
			);
			runOnlyForDeploymentPostprocessing = 0;
		};
/* End PBXResourcesBuildPhase section */

/* Begin PBXSourcesBuildPhase section */
		34C094D7DC5CF3D7EB8AB78F /* Sources */ = {
			isa = PBXSourcesBuildPhase;
			buildActionMask = 2147483647;
			files = (
				079491819F893546B86221BC /* AppSettings.swift in Sources */,
				B9363F35242D40D53F8C6213 /* DeepLink.swift in Sources */,
				D6F8AB5A7D551A8DF5966551 /* Enums.swift in Sources */,
				CD25053366C11C3F9AAEB7E6 /* Models.swift in Sources */,
				EE28020DF30CE855FC62690A /* Persistence.swift in Sources */,
				88391CD12A6395E0325DDA98 /* PickResolver.swift in Sources */,
				7F77246E553FB6E6D246EB37 /* Rotation.swift in Sources */,
				16C3B74784D5B91F1229F94C /* SessionDraftStore.swift in Sources */,
				D169F3711A53957C003D3F8C /* SkipStore.swift in Sources */,
				30C39541B2C3122D970CA905 /* TodayPickWidget.swift in Sources */,
			);
			runOnlyForDeploymentPostprocessing = 0;
		};
		4485B1A3B77DF385D90B9F7B /* Sources */ = {
			isa = PBXSourcesBuildPhase;
			buildActionMask = 2147483647;
			files = (
				9C5527ACB3B80E27856F81CB /* AppChecklistSeederTests.swift in Sources */,
				F272BC790358EDD8CE6F9E3B /* ImportTests.swift in Sources */,
				C1935DBF2F7B543DDD309699 /* RotationTests.swift in Sources */,
				DA2431379252B973A5D994FC /* SessionDraftTests.swift in Sources */,
				C8F76F19E8482E589B5FC6B1 /* SessionRecorderTests.swift in Sources */,
			);
			runOnlyForDeploymentPostprocessing = 0;
		};
		C2364024CBC274C3732BF4B9 /* Sources */ = {
			isa = PBXSourcesBuildPhase;
			buildActionMask = 2147483647;
			files = (
				983608BF36E282B2CEE1E14F /* AppChecklistCatalog.swift in Sources */,
				9D5DDB83DEAA307E2DAFA899 /* AppDelegate.swift in Sources */,
				7CEE7C6CD3E7AD985A8A5CA1 /* AppDetailView.swift in Sources */,
				92CC94C6E14068CAFADC5AD8 /* AppEditView.swift in Sources */,
				2812D9A28B6830F4A28F3A41 /* AppIconView.swift in Sources */,
				6459887569088071F956F74F /* AppImporter.swift in Sources */,
				4A5800C3FD11356AF7F82552 /* AppSettings.swift in Sources */,
				B15A85A75DBAC5D74E8A5E3E /* AppsListView.swift in Sources */,
				8C5943AF879B4AE0EB22054E /* BundledApps.swift in Sources */,
				70735AB084AF44A863B1EC49 /* ChecklistEditorView.swift in Sources */,
				47D4A4ED9264B52C6510B700 /* ChecklistIndexView.swift in Sources */,
				173F1F819BE272A7C8FC0A18 /* ChecklistRow.swift in Sources */,
				32FDB271502991764C03387A /* ChecklistSeeder.swift in Sources */,
				CD727089B374CF1FABA17475 /* CodeTestList.swift in Sources */,
				A0ED6843F1154697110F02EB /* DeepLink.swift in Sources */,
				6F86696E8AD305086ACB8B23 /* DefaultStepsByApp.swift in Sources */,
				A7DB4B3438E805E8812F258B /* DeviceInfo.swift in Sources */,
				C5BB28924F0555652B81C306 /* Enums.swift in Sources */,
				C210574A039F60EA04B3D751 /* FocusedChecklistView.swift in Sources */,
				0D5DC68C6B8E38C650B73504 /* ITunesLookupClient.swift in Sources */,
				9D4ED03D98DA9FD71994B97E /* ImportController.swift in Sources */,
				C4506F4D0CA60CE8EFAD2899 /* IssueDetailView.swift in Sources */,
				FD73AE9393D50749B44D000B /* IssuesView.swift in Sources */,
				9ABED09CFC3731141A533BF5 /* LastQABadge.swift in Sources */,
				FA660B60D01D90444A03D0E9 /* Models.swift in Sources */,
				683A64605D5E009F42DBD015 /* NotificationScheduler.swift in Sources */,
				4ADBED12C1AC5C5149C5191F /* OutcomeButtons.swift in Sources */,
				0BC26D1D62453AC667511A6F /* Persistence.swift in Sources */,
				073E3A32CA7A8316C2A85FD7 /* PickChangeCoordinator.swift in Sources */,
				477B09F2C33AFF627630FA44 /* PickResolver.swift in Sources */,
				09A8848DCC7CAB5FB181D97D /* QARotationApp.swift in Sources */,
				F9C6A2C85A20BA4FE3ED7B2E /* QASessionView.swift in Sources */,
				E4F11050895D9759A5AE7E41 /* RootView.swift in Sources */,
				C40E688ED00CB53B95568229 /* Rotation.swift in Sources */,
				9C0CF2755A5E43DA648CC291 /* Router.swift in Sources */,
				B5CF152CC4A2B1B6397543A9 /* SessionDetailView.swift in Sources */,
				CFB5BDDD726A1FD660D09AAF /* SessionDraftStore.swift in Sources */,
				C2DC50E60A72AC3F3CB07BE5 /* SessionHeaderView.swift in Sources */,
				48810576C71A7271135ADD4F /* SessionRecorder.swift in Sources */,
				09F5F86E03D1735CC31E08B1 /* SessionViewModel.swift in Sources */,
				0826EFB6D26B158893662E2B /* SettingsView.swift in Sources */,
				439DEC2B9B3AA45523C71082 /* SkipStore.swift in Sources */,
				B220FEDD4EE58BF04FBEF5C3 /* StepText.swift in Sources */,
				2D8E03156C8DB24EBCFB88A3 /* TodayView.swift in Sources */,
				00A09F28AC667B10CA7491F9 /* VersionHistory.swift in Sources */,
				9AA764D5A4CC17925875F5B6 /* VersionPicker.swift in Sources */,
				925EBF7B15DF505EEC5B5042 /* WideButtonLabel.swift in Sources */,
			);
			runOnlyForDeploymentPostprocessing = 0;
		};
/* End PBXSourcesBuildPhase section */

/* Begin PBXTargetDependency section */
		045A427A53143BE87CE77167 /* PBXTargetDependency */ = {
			isa = PBXTargetDependency;
			target = 292939147674D9BBC5AEC5A4 /* QARotation */;
			targetProxy = ECFE3A60B85C710E5D03FDD0 /* PBXContainerItemProxy */;
		};
		0AFD4365C9FABC31EF55F428 /* PBXTargetDependency */ = {
			isa = PBXTargetDependency;
			target = E7DF8AA0D51D5763921939EA /* QARotationWidget */;
			targetProxy = F1AD4DF8C84C1E09648A11EF /* PBXContainerItemProxy */;
		};
/* End PBXTargetDependency section */

/* Begin XCBuildConfiguration section */
		1068436AB68E48B5DA6124CC /* Debug */ = {
			isa = XCBuildConfiguration;
			buildSettings = {
				ALWAYS_SEARCH_USER_PATHS = NO;
				CLANG_ANALYZER_NONNULL = YES;
				CLANG_ANALYZER_NUMBER_OBJECT_CONVERSION = YES_AGGRESSIVE;
				CLANG_CXX_LANGUAGE_STANDARD = "gnu++14";
				CLANG_CXX_LIBRARY = "libc++";
				CLANG_ENABLE_MODULES = YES;
				CLANG_ENABLE_OBJC_ARC = YES;
				CLANG_ENABLE_OBJC_WEAK = YES;
				CLANG_WARN_BLOCK_CAPTURE_AUTORELEASING = YES;
				CLANG_WARN_BOOL_CONVERSION = YES;
				CLANG_WARN_COMMA = YES;
				CLANG_WARN_CONSTANT_CONVERSION = YES;
				CLANG_WARN_DEPRECATED_OBJC_IMPLEMENTATIONS = YES;
				CLANG_WARN_DIRECT_OBJC_ISA_USAGE = YES_ERROR;
				CLANG_WARN_DOCUMENTATION_COMMENTS = YES;
				CLANG_WARN_EMPTY_BODY = YES;
				CLANG_WARN_ENUM_CONVERSION = YES;
				CLANG_WARN_INFINITE_RECURSION = YES;
				CLANG_WARN_INT_CONVERSION = YES;
				CLANG_WARN_NON_LITERAL_NULL_CONVERSION = YES;
				CLANG_WARN_OBJC_IMPLICIT_RETAIN_SELF = YES;
				CLANG_WARN_OBJC_LITERAL_CONVERSION = YES;
				CLANG_WARN_OBJC_ROOT_CLASS = YES_ERROR;
				CLANG_WARN_QUOTED_INCLUDE_IN_FRAMEWORK_HEADER = YES;
				CLANG_WARN_RANGE_LOOP_ANALYSIS = YES;
				CLANG_WARN_STRICT_PROTOTYPES = YES;
				CLANG_WARN_SUSPICIOUS_MOVE = YES;
				CLANG_WARN_UNGUARDED_AVAILABILITY = YES_AGGRESSIVE;
				CLANG_WARN_UNREACHABLE_CODE = YES;
				CLANG_WARN__DUPLICATE_METHOD_MATCH = YES;
				CODE_SIGN_STYLE = Automatic;
				COPY_PHASE_STRIP = NO;
				CURRENT_PROJECT_VERSION = 1;
				DEBUG_INFORMATION_FORMAT = dwarf;
				DEVELOPMENT_TEAM = QGAQ3AY3R3;
				ENABLE_STRICT_OBJC_MSGSEND = YES;
				ENABLE_TESTABILITY = YES;
				GCC_C_LANGUAGE_STANDARD = gnu11;
				GCC_DYNAMIC_NO_PIC = NO;
				GCC_NO_COMMON_BLOCKS = YES;
				GCC_OPTIMIZATION_LEVEL = 0;
				GCC_PREPROCESSOR_DEFINITIONS = (
					"$(inherited)",
					"DEBUG=1",
				);
				GCC_WARN_64_TO_32_BIT_CONVERSION = YES;
				GCC_WARN_ABOUT_RETURN_TYPE = YES_ERROR;
				GCC_WARN_UNDECLARED_SELECTOR = YES;
				GCC_WARN_UNINITIALIZED_AUTOS = YES_AGGRESSIVE;
				GCC_WARN_UNUSED_FUNCTION = YES;
				GCC_WARN_UNUSED_VARIABLE = YES;
				IPHONEOS_DEPLOYMENT_TARGET = 18.0;
				MARKETING_VERSION = 1.0;
				MTL_ENABLE_DEBUG_INFO = INCLUDE_SOURCE;
				MTL_FAST_MATH = YES;
				ONLY_ACTIVE_ARCH = YES;
				PRODUCT_NAME = "$(TARGET_NAME)";
				SDKROOT = iphoneos;
				SWIFT_ACTIVE_COMPILATION_CONDITIONS = DEBUG;
				SWIFT_EMIT_LOC_STRINGS = YES;
				SWIFT_OPTIMIZATION_LEVEL = "-Onone";
				SWIFT_STRICT_CONCURRENCY = complete;
				SWIFT_VERSION = 6.0;
			};
			name = Debug;
		};
		1410C7BFCE1A37FCD1455958 /* Debug */ = {
			isa = XCBuildConfiguration;
			buildSettings = {
				ASSETCATALOG_COMPILER_APPICON_NAME = AppIcon;
				ASSETCATALOG_COMPILER_GLOBAL_ACCENT_COLOR_NAME = AccentColor;
				CODE_SIGN_ENTITLEMENTS = QARotation/QARotation.entitlements;
				CODE_SIGN_IDENTITY = "iPhone Developer";
				INFOPLIST_FILE = QARotation/Info.plist;
				LD_RUNPATH_SEARCH_PATHS = (
					"$(inherited)",
					"@executable_path/Frameworks",
				);
				PRODUCT_BUNDLE_IDENTIFIER = com.leeo.QARotation;
				SDKROOT = iphoneos;
				TARGETED_DEVICE_FAMILY = "1,2";
			};
			name = Debug;
		};
		1751FF36D91576C03B5CF051 /* Release */ = {
			isa = XCBuildConfiguration;
			buildSettings = {
				BUNDLE_LOADER = "$(TEST_HOST)";
				GENERATE_INFOPLIST_FILE = YES;
				LD_RUNPATH_SEARCH_PATHS = (
					"$(inherited)",
					"@executable_path/Frameworks",
					"@loader_path/Frameworks",
				);
				PRODUCT_BUNDLE_IDENTIFIER = com.leeo.QARotationTests;
				SDKROOT = iphoneos;
				TARGETED_DEVICE_FAMILY = "1,2";
				TEST_HOST = "$(BUILT_PRODUCTS_DIR)/QARotation.app/QARotation";
			};
			name = Release;
		};
		18BD9B7074661021FD2BCC4E /* Release */ = {
			isa = XCBuildConfiguration;
			buildSettings = {
				ASSETCATALOG_COMPILER_APPICON_NAME = AppIcon;
				ASSETCATALOG_COMPILER_GLOBAL_ACCENT_COLOR_NAME = AccentColor;
				CODE_SIGN_ENTITLEMENTS = QARotation/QARotation.entitlements;
				CODE_SIGN_IDENTITY = "iPhone Developer";
				INFOPLIST_FILE = QARotation/Info.plist;
				LD_RUNPATH_SEARCH_PATHS = (
					"$(inherited)",
					"@executable_path/Frameworks",
				);
				PRODUCT_BUNDLE_IDENTIFIER = com.leeo.QARotation;
				SDKROOT = iphoneos;
				TARGETED_DEVICE_FAMILY = "1,2";
			};
			name = Release;
		};
		3DF1FE41F5185A112B651393 /* Release */ = {
			isa = XCBuildConfiguration;
			buildSettings = {
				ALWAYS_SEARCH_USER_PATHS = NO;
				CLANG_ANALYZER_NONNULL = YES;
				CLANG_ANALYZER_NUMBER_OBJECT_CONVERSION = YES_AGGRESSIVE;
				CLANG_CXX_LANGUAGE_STANDARD = "gnu++14";
				CLANG_CXX_LIBRARY = "libc++";
				CLANG_ENABLE_MODULES = YES;
				CLANG_ENABLE_OBJC_ARC = YES;
				CLANG_ENABLE_OBJC_WEAK = YES;
				CLANG_WARN_BLOCK_CAPTURE_AUTORELEASING = YES;
				CLANG_WARN_BOOL_CONVERSION = YES;
				CLANG_WARN_COMMA = YES;
				CLANG_WARN_CONSTANT_CONVERSION = YES;
				CLANG_WARN_DEPRECATED_OBJC_IMPLEMENTATIONS = YES;
				CLANG_WARN_DIRECT_OBJC_ISA_USAGE = YES_ERROR;
				CLANG_WARN_DOCUMENTATION_COMMENTS = YES;
				CLANG_WARN_EMPTY_BODY = YES;
				CLANG_WARN_ENUM_CONVERSION = YES;
				CLANG_WARN_INFINITE_RECURSION = YES;
				CLANG_WARN_INT_CONVERSION = YES;
				CLANG_WARN_NON_LITERAL_NULL_CONVERSION = YES;
				CLANG_WARN_OBJC_IMPLICIT_RETAIN_SELF = YES;
				CLANG_WARN_OBJC_LITERAL_CONVERSION = YES;
				CLANG_WARN_OBJC_ROOT_CLASS = YES_ERROR;
				CLANG_WARN_QUOTED_INCLUDE_IN_FRAMEWORK_HEADER = YES;
				CLANG_WARN_RANGE_LOOP_ANALYSIS = YES;
				CLANG_WARN_STRICT_PROTOTYPES = YES;
				CLANG_WARN_SUSPICIOUS_MOVE = YES;
				CLANG_WARN_UNGUARDED_AVAILABILITY = YES_AGGRESSIVE;
				CLANG_WARN_UNREACHABLE_CODE = YES;
				CLANG_WARN__DUPLICATE_METHOD_MATCH = YES;
				CODE_SIGN_STYLE = Automatic;
				COPY_PHASE_STRIP = NO;
				CURRENT_PROJECT_VERSION = 1;
				DEBUG_INFORMATION_FORMAT = "dwarf-with-dsym";
				DEVELOPMENT_TEAM = QGAQ3AY3R3;
				ENABLE_NS_ASSERTIONS = NO;
				ENABLE_STRICT_OBJC_MSGSEND = YES;
				GCC_C_LANGUAGE_STANDARD = gnu11;
				GCC_NO_COMMON_BLOCKS = YES;
				GCC_WARN_64_TO_32_BIT_CONVERSION = YES;
				GCC_WARN_ABOUT_RETURN_TYPE = YES_ERROR;
				GCC_WARN_UNDECLARED_SELECTOR = YES;
				GCC_WARN_UNINITIALIZED_AUTOS = YES_AGGRESSIVE;
				GCC_WARN_UNUSED_FUNCTION = YES;
				GCC_WARN_UNUSED_VARIABLE = YES;
				IPHONEOS_DEPLOYMENT_TARGET = 18.0;
				MARKETING_VERSION = 1.0;
				MTL_ENABLE_DEBUG_INFO = NO;
				MTL_FAST_MATH = YES;
				PRODUCT_NAME = "$(TARGET_NAME)";
				SDKROOT = iphoneos;
				SWIFT_COMPILATION_MODE = wholemodule;
				SWIFT_EMIT_LOC_STRINGS = YES;
				SWIFT_OPTIMIZATION_LEVEL = "-O";
				SWIFT_STRICT_CONCURRENCY = complete;
				SWIFT_VERSION = 6.0;
			};
			name = Release;
		};
		56F7333086A400837F5C623A /* Debug */ = {
			isa = XCBuildConfiguration;
			buildSettings = {
				BUNDLE_LOADER = "$(TEST_HOST)";
				GENERATE_INFOPLIST_FILE = YES;
				LD_RUNPATH_SEARCH_PATHS = (
					"$(inherited)",
					"@executable_path/Frameworks",
					"@loader_path/Frameworks",
				);
				PRODUCT_BUNDLE_IDENTIFIER = com.leeo.QARotationTests;
				SDKROOT = iphoneos;
				TARGETED_DEVICE_FAMILY = "1,2";
				TEST_HOST = "$(BUILT_PRODUCTS_DIR)/QARotation.app/QARotation";
			};
			name = Debug;
		};
		A55C10EA6E32318030DBDB4B /* Release */ = {
			isa = XCBuildConfiguration;
			buildSettings = {
				CODE_SIGN_ENTITLEMENTS = QARotationWidget/QARotationWidget.entitlements;
				INFOPLIST_FILE = QARotationWidget/Info.plist;
				LD_RUNPATH_SEARCH_PATHS = (
					"$(inherited)",
					"@executable_path/Frameworks",
					"@executable_path/../../Frameworks",
				);
				PRODUCT_BUNDLE_IDENTIFIER = com.leeo.QARotation.Widget;
				SDKROOT = iphoneos;
				TARGETED_DEVICE_FAMILY = "1,2";
			};
			name = Release;
		};
		B7300CB3A6E1F51E2384B011 /* Debug */ = {
			isa = XCBuildConfiguration;
			buildSettings = {
				CODE_SIGN_ENTITLEMENTS = QARotationWidget/QARotationWidget.entitlements;
				INFOPLIST_FILE = QARotationWidget/Info.plist;
				LD_RUNPATH_SEARCH_PATHS = (
					"$(inherited)",
					"@executable_path/Frameworks",
					"@executable_path/../../Frameworks",
				);
				PRODUCT_BUNDLE_IDENTIFIER = com.leeo.QARotation.Widget;
				SDKROOT = iphoneos;
				TARGETED_DEVICE_FAMILY = "1,2";
			};
			name = Debug;
		};
/* End XCBuildConfiguration section */

/* Begin XCConfigurationList section */
		6D0552C48A1673DAE99C204E /* Build configuration list for PBXNativeTarget "QARotationWidget" */ = {
			isa = XCConfigurationList;
			buildConfigurations = (
				B7300CB3A6E1F51E2384B011 /* Debug */,
				A55C10EA6E32318030DBDB4B /* Release */,
			);
			defaultConfigurationIsVisible = 0;
			defaultConfigurationName = Debug;
		};
		7AFA5FCBF3628DA48B0E7A53 /* Build configuration list for PBXProject "QARotation" */ = {
			isa = XCConfigurationList;
			buildConfigurations = (
				1068436AB68E48B5DA6124CC /* Debug */,
				3DF1FE41F5185A112B651393 /* Release */,
			);
			defaultConfigurationIsVisible = 0;
			defaultConfigurationName = Debug;
		};
		839C86548D71052E7A07BF50 /* Build configuration list for PBXNativeTarget "QARotation" */ = {
			isa = XCConfigurationList;
			buildConfigurations = (
				1410C7BFCE1A37FCD1455958 /* Debug */,
				18BD9B7074661021FD2BCC4E /* Release */,
			);
			defaultConfigurationIsVisible = 0;
			defaultConfigurationName = Debug;
		};
		FBAD4E4500F736A959399FE1 /* Build configuration list for PBXNativeTarget "QARotationTests" */ = {
			isa = XCConfigurationList;
			buildConfigurations = (
				56F7333086A400837F5C623A /* Debug */,
				1751FF36D91576C03B5CF051 /* Release */,
			);
			defaultConfigurationIsVisible = 0;
			defaultConfigurationName = Debug;
		};
/* End XCConfigurationList section */
	};
	rootObject = EA1ACEE0B15009E22CA8285F /* Project object */;
}
